<?xml version="1.0" encoding="utf-8"?>
<Project ToolsVersion="4.0" xmlns="http://schemas.microsoft.com/developer/msbuild/2003">
  <ItemGroup>
    <Filter Include="Исходные файлы">
      <UniqueIdentifier>{4FC737F1-C7A5-4376-A066-2A32D752A2FF}</UniqueIdentifier>
      <Extensions>cpp;c;cc;cxx;c++;cppm;ixx;def;odl;idl;hpj;bat;asm;asmx</Extensions>
    </Filter>
    <Filter Include="Файлы заголовков">
      <UniqueIdentifier>{93995380-89BD-4b04-88EB-625FBE52EBFB}</UniqueIdentifier>
      <Extensions>h;hh;hpp;hxx;h++;hm;inl;inc;ipp;xsd</Extensions>
    </Filter>
    <Filter Include="Файлы ресурсов">
      <UniqueIdentifier>{67DA6AB6-F800-4c08-8B7A-83BB121AAD01}</UniqueIdentifier>
      <Extensions>rc;ico;cur;bmp;dlg;rc2;rct;bin;rgs;gif;jpg;jpeg;jpe;resx;tiff;tif;png;wav;mfcribbon-ms</Extensions>
    </Filter>
    <Filter Include="Исходные файлы\Core">
      <UniqueIdentifier>{d307d1ac-82b8-4361-9db0-ac0b971001b9}</UniqueIdentifier>
    </Filter>
    <Filter Include="Файлы заголовков\Core">
      <UniqueIdentifier>{994dabcc-00be-41c3-9e50-be69637e3459}</UniqueIdentifier>
    </Filter>
    <Filter Include="Файлы заголовков\View">
      <UniqueIdentifier>{41fd25aa-d68f-44f0-b8e1-e158cba019d5}</UniqueIdentifier>
    </Filter>
    <Filter Include="Исходные файлы\View">
      <UniqueIdentifier>{69cf2e41-6c59-4655-bb22-be7b0723bdbd}</UniqueIdentifier>
    </Filter>
    <Filter Include="Файлы заголовков\View\Interfaces">
      <UniqueIdentifier>{eb7b6255-5983-43ba-bc07-529fe5fcd23a}</UniqueIdentifier>
    </Filter>
    <Filter Include="Файлы заголовков\View\Buttons">
      <UniqueIdentifier>{731ad8ae-78c6-450f-8fa4-f9461d1478c3}</UniqueIdentifier>
    </Filter>
    <Filter Include="Файлы заголовков\View\Buttons\Menu">
      <UniqueIdentifier>{137d0d47-e69c-433a-b520-b4d5173c5463}</UniqueIdentifier>
    </Filter>
    <Filter Include="Файлы заголовков\View\Buttons\Difficulty">
      <UniqueIdentifier>{3ec4f794-4bc4-4713-ae9e-a1a7d6d93c98}</UniqueIdentifier>
    </Filter>
    <Filter Include="Файлы заголовков\View\Buttons\Game">
      <UniqueIdentifier>{6e769e68-7cfc-47ab-84c8-0c3fdfe66d8a}</UniqueIdentifier>
    </Filter>
    <Filter Include="Файлы заголовков\View\ConfigForButtons">
      <UniqueIdentifier>{d2ba90f6-f211-4cac-83d6-dd94af8ba441}</UniqueIdentifier>
    </Filter>
  </ItemGroup>
  <ItemGroup>
    <ClCompile Include="Sudoku.cpp">
      <Filter>Исходные файлы</Filter>
    </ClCompile>
    <ClCompile Include="Field.cpp">
      <Filter>Исходные файлы\Core</Filter>
    </ClCompile>
    <ClCompile Include="Manager.cpp">
      <Filter>Исходные файлы\Core</Filter>
    </ClCompile>
    <ClCompile Include="RandomLCG.cpp">
      <Filter>Исходные файлы\Core</Filter>
    </ClCompile>
    <ClCompile Include="Game.cpp">
      <Filter>Исходные файлы\Core</Filter>
    </ClCompile>
    <ClCompile Include="MouseHandler.cpp">
      <Filter>Исходные файлы\View</Filter>
    </ClCompile>
    <ClCompile Include="GameRenderer.cpp">
      <Filter>Исходные файлы\View</Filter>
    </ClCompile>
    <ClCompile Include="MenuRenderer.cpp">
      <Filter>Исходные файлы\View</Filter>
    </ClCompile>
    <ClCompile Include="GameRenderer.cpp">
      <Filter>Исходные файлы\View</Filter>
    </ClCompile>
    <ClCompile Include="MenuController.cpp">
      <Filter>Исходные файлы</Filter>
    </ClCompile>
  </ItemGroup>
  <ItemGroup>
    <ClInclude Include="Field.hpp">
      <Filter>Файлы заголовков\Core</Filter>
    </ClInclude>
    <ClInclude Include="Manager.hpp">
      <Filter>Файлы заголовков\Core</Filter>
    </ClInclude>
    <ClInclude Include="RandomLCG.hpp">
      <Filter>Файлы заголовков\Core</Filter>
    </ClInclude>
    <ClInclude Include="Game.hpp">
      <Filter>Файлы заголовков\Core</Filter>
    </ClInclude>
    <ClInclude Include="Config.hpp">
      <Filter>Файлы заголовков</Filter>
    </ClInclude>
    <ClInclude Include="MouseHandler.hpp">
      <Filter>Файлы заголовков\View</Filter>
    </ClInclude>
    <ClInclude Include="MenuController.hpp">
      <Filter>Файлы заголовков\View</Filter>
    </ClInclude>
    <ClInclude Include="Screen.hpp">
      <Filter>Файлы заголовков\View</Filter>
    </ClInclude>
    <ClInclude Include="MenuRenderer.hpp">
      <Filter>Файлы заголовков\View</Filter>
    </ClInclude>
    <ClInclude Include="GameRenderer.hpp">
      <Filter>Файлы заголовков\View</Filter>
    </ClInclude>
    <ClInclude Include="PhysicCoordinateCell.hpp">
      <Filter>Файлы заголовков\View</Filter>
    </ClInclude>
    <ClInclude Include="GameCoordinate.hpp">
      <Filter>Файлы заголовков\View</Filter>
    </ClInclude>
    <ClInclude Include="CoordinateTableSudoku.hpp">
      <Filter>Файлы заголовков\Core</Filter>
    </ClInclude>
    <ClInclude Include="Cell.hpp">
      <Filter>Файлы заголовков\Core</Filter>
    </ClInclude>
    <ClInclude Include="IButton.hpp">
      <Filter>Файлы заголовков\View\Interfaces</Filter>
    </ClInclude>
    <ClInclude Include="ExitButton.hpp">
      <Filter>Файлы заголовков\View\Buttons\Menu</Filter>
    </ClInclude>
    <ClInclude Include="PlayButton.hpp">
      <Filter>Файлы заголовков\View\Buttons\Menu</Filter>
    </ClInclude>
    <ClInclude Include="DifficultyEasyButton.hpp">
      <Filter>Файлы заголовков\View\Buttons\Difficulty</Filter>
    </ClInclude>
    <ClInclude Include="DifficultyHardButton.hpp">
      <Filter>Файлы заголовков\View\Buttons\Difficulty</Filter>
    </ClInclude>
    <ClInclude Include="DifficultyImposibleButton.hpp">
      <Filter>Файлы заголовков\View\Buttons\Difficulty</Filter>
    </ClInclude>
    <ClInclude Include="DifficultyMediumButton.hpp">
      <Filter>Файлы заголовков\View\Buttons\Difficulty</Filter>
    </ClInclude>
    <ClInclude Include="DifficultyBackButton.hpp">
      <Filter>Файлы заголовков\View\Buttons\Difficulty</Filter>
    </ClInclude>
    <ClInclude Include="GameBackOnMainMenuButton.hpp">
      <Filter>Файлы заголовков\View\Buttons\Game</Filter>
    </ClInclude>
    <ClInclude Include="ConfigButtons.hpp">
      <Filter>Файлы заголовков\View\ConfigForButtons</Filter>
    </ClInclude>
  </ItemGroup>
</Project>