<?xml version="1.0" encoding="utf-8"?>
<Project ToolsVersion="4.0" xmlns="http://schemas.microsoft.com/developer/msbuild/2003">
  <ItemGroup>
    <Filter Include="Исходные файлы">
      <UniqueIdentifier>{4FC737F1-C7A5-4376-A066-2A32D752A2FF}</UniqueIdentifier>
      <Extensions>cpp;c;cc;cxx;c++;cppm;ixx;def;odl;idl;hpj;bat;asm;asmx</Extensions>
    </Filter>
    <Filter Include="Файлы заголовков">
      <UniqueIdentifier>{93995380-89BD-4b04-88EB-625FBE52EBFB}</UniqueIdentifier>
      <Extensions>h;hh;hpp;hxx;h++;hm;inl;inc;ipp;xsd</Extensions>
    </Filter>
    <Filter Include="Файлы ресурсов">
      <UniqueIdentifier>{67DA6AB6-F800-4c08-8B7A-83BB121AAD01}</UniqueIdentifier>
      <Extensions>rc;ico;cur;bmp;dlg;rc2;rct;bin;rgs;gif;jpg;jpeg;jpe;resx;tiff;tif;png;wav;mfcribbon-ms</Extensions>
    </Filter>
    <Filter Include="Исходные файлы\Core">
      <UniqueIdentifier>{d307d1ac-82b8-4361-9db0-ac0b971001b9}</UniqueIdentifier>
    </Filter>
    <Filter Include="Файлы заголовков\Core">
      <UniqueIdentifier>{994dabcc-00be-41c3-9e50-be69637e3459}</UniqueIdentifier>
    </Filter>
    <Filter Include="Файлы заголовков\View">
      <UniqueIdentifier>{41fd25aa-d68f-44f0-b8e1-e158cba019d5}</UniqueIdentifier>
    </Filter>
    <Filter Include="Исходные файлы\View">
      <UniqueIdentifier>{69cf2e41-6c59-4655-bb22-be7b0723bdbd}</UniqueIdentifier>
    </Filter>
  </ItemGroup>
  <ItemGroup>
    <ClCompile Include="Sudoku.cpp">
      <Filter>Исходные файлы</Filter>
    </ClCompile>
    <ClCompile Include="Field.cpp">
      <Filter>Исходные файлы\Core</Filter>
    </ClCompile>
    <ClCompile Include="Manager.cpp">
      <Filter>Исходные файлы\Core</Filter>
    </ClCompile>
    <ClCompile Include="RandomLCG.cpp">
      <Filter>Исходные файлы\Core</Filter>
    </ClCompile>
    <ClCompile Include="Game.cpp">
      <Filter>Исходные файлы\Core</Filter>
    </ClCompile>
    <ClCompile Include="MouseHandler.cpp">
      <Filter>Исходные файлы\View</Filter>
    </ClCompile>
    <ClCompile Include="MenuController.cpp">
      <Filter>Исходные файлы\View</Filter>
    </ClCompile>
    <ClCompile Include="MenuRenderer.cpp">
      <Filter>Исходные файлы\View</Filter>
    </ClCompile>
    <ClCompile Include="GameRenderer.cpp">
      <Filter>Исходные файлы\View</Filter>
    </ClCompile>
  </ItemGroup>
  <ItemGroup>
    <ClInclude Include="Field.hpp">
      <Filter>Файлы заголовков\Core</Filter>
    </ClInclude>
    <ClInclude Include="Manager.hpp">
      <Filter>Файлы заголовков\Core</Filter>
    </ClInclude>
    <ClInclude Include="RandomLCG.hpp">
      <Filter>Файлы заголовков\Core</Filter>
    </ClInclude>
    <ClInclude Include="Game.hpp">
      <Filter>Файлы заголовков\Core</Filter>
    </ClInclude>
    <ClInclude Include="Config.hpp">
      <Filter>Файлы заголовков</Filter>
    </ClInclude>
    <ClInclude Include="MouseHandler.hpp">
      <Filter>Файлы заголовков\View</Filter>
    </ClInclude>
    <ClInclude Include="MenuController.hpp">
      <Filter>Файлы заголовков\View</Filter>
    </ClInclude>
    <ClInclude Include="Screen.hpp">
      <Filter>Файлы заголовков\View</Filter>
    </ClInclude>
    <ClInclude Include="MenuRenderer.hpp">
      <Filter>Файлы заголовков\View</Filter>
    </ClInclude>
    <ClInclude Include="GameRenderer.hpp">
      <Filter>Файлы заголовков\View</Filter>
    </ClInclude>
    <ClInclude Include="PhysicCoordinateCell.hpp">
      <Filter>Файлы заголовков\View</Filter>
    </ClInclude>
    <ClInclude Include="GameCoordinate.hpp">
      <Filter>Файлы заголовков\View</Filter>
    </ClInclude>
    <ClInclude Include="CoordinateTableSudoku.hpp">
      <Filter>Файлы заголовков\Core</Filter>
    </ClInclude>
    <ClInclude Include="Cell.hpp">
      <Filter>Файлы заголовков\Core</Filter>
    </ClInclude>
    <ClInclude Include="SudokuRule.hpp">
      <Filter>Файлы заголовков</Filter>
    </ClInclude>
  </ItemGroup>
</Project>